
Microsoft Visual Studio Solution File, Format Version 12.00
# Visual Studio Version 17
VisualStudioVersion = 17.8.34309.116
MinimumVisualStudioVersion = 10.0.40219.1
Project("{FAE04EC0-301F-11D3-BF4B-00C04F79EFBC}") = "UCRES_Backend", "UCRES_Backend\UCRES_Backend.csproj", "{FEB0E189-B32B-4F9F-8B8D-7A19606AD1F9}"
EndProject
Global
	GlobalSection(SolutionConfigurationPlatforms) = preSolution
		Debug|Any CPU = Debug|Any CPU
		Release|Any CPU = Release|Any CPU
	EndGlobalSection
	GlobalSection(ProjectConfigurationPlatforms) = postSolution
		{FEB0E189-B32B-4F9F-8B8D-7A19606AD1F9}.Debug|Any CPU.ActiveCfg = Debug|Any CPU
		{FEB0E189-B32B-4F9F-8B8D-7A19606AD1F9}.Debug|Any CPU.Build.0 = Debug|Any CPU
		{FEB0E189-B32B-4F9F-8B8D-7A19606AD1F9}.Release|Any CPU.ActiveCfg = Release|Any CPU
		{FEB0E189-B32B-4F9F-8B8D-7A19606AD1F9}.Release|Any CPU.Build.0 = Release|Any CPU
	EndGlobalSection
	GlobalSection(SolutionProperties) = preSolution
		HideSolutionNode = FALSE
	EndGlobalSection
	GlobalSection(ExtensibilityGlobals) = postSolution
		SolutionGuid = {C2EB88DA-D8B9-421A-9903-5B4F7CF427B8}
	EndGlobalSection
EndGlobal
