
Microsoft Visual Studio Solution File, Format Version 12.00
# Visual Studio Version 17
VisualStudioVersion = 17.8.34309.116
MinimumVisualStudioVersion = 10.0.40219.1
Project("{FAE04EC0-301F-11D3-BF4B-00C04F79EFBC}") = "apiUCRES", "apiUCRES\apiUCRES.csproj", "{B91D15D7-A533-4A9D-88F4-B4E2731E0168}"
EndProject
Global
	GlobalSection(SolutionConfigurationPlatforms) = preSolution
		Debug|Any CPU = Debug|Any CPU
		Release|Any CPU = Release|Any CPU
	EndGlobalSection
	GlobalSection(ProjectConfigurationPlatforms) = postSolution
		{B91D15D7-A533-4A9D-88F4-B4E2731E0168}.Debug|Any CPU.ActiveCfg = Debug|Any CPU
		{B91D15D7-A533-4A9D-88F4-B4E2731E0168}.Debug|Any CPU.Build.0 = Debug|Any CPU
		{B91D15D7-A533-4A9D-88F4-B4E2731E0168}.Release|Any CPU.ActiveCfg = Release|Any CPU
		{B91D15D7-A533-4A9D-88F4-B4E2731E0168}.Release|Any CPU.Build.0 = Release|Any CPU
	EndGlobalSection
	GlobalSection(SolutionProperties) = preSolution
		HideSolutionNode = FALSE
	EndGlobalSection
	GlobalSection(ExtensibilityGlobals) = postSolution
		SolutionGuid = {0532D736-7552-41E0-8BBA-CFADC3001601}
	EndGlobalSection
EndGlobal
